// !$*UTF8*$!
{
	archiveVersion = 1;
	classes = {
	};
	objectVersion = 77;
	objects = {

/* Begin PBXBuildFile section */
		D41159102DF71A03007D87E3 /* RCVST_SummaryView.swift in Sources */ = {isa = PBXBuildFile; fileRef = D411590F2DF71A03007D87E3 /* RCVST_SummaryView.swift */; };
		D4183B802D287F0600862A80 /* RCVST_DeletionsDataProvider.swift in Sources */ = {isa = PBXBuildFile; fileRef = D4183B7F2D287F0600862A80 /* RCVST_DeletionsDataProvider.swift */; };
		D433ED262CC704FB00E7AA4A /* RVS_Generic_Swift_Toolbox in Frameworks */ = {isa = PBXBuildFile; productRef = D433ED252CC704FB00E7AA4A /* RVS_Generic_Swift_Toolbox */; };
		D47403882D28D09700F08C0A /* RCVST_UserActivityDataProvider.swift in Sources */ = {isa = PBXBuildFile; fileRef = D47403872D28D09700F08C0A /* RCVST_UserActivityDataProvider.swift */; };
		D47856282D286664006517C3 /* RCVST_SignupsDataProvider.swift in Sources */ = {isa = PBXBuildFile; fileRef = D47856272D286664006517C3 /* RCVST_SignupsDataProvider.swift */; };
		D495CF872D2A1CC90041ECB9 /* RCVST_ZoomControl.swift in Sources */ = {isa = PBXBuildFile; fileRef = D40D8F8F2CFBCCAA000F1FB4 /* RCVST_ZoomControl.swift */; };
		D49B95E42E8ED73A008F1A65 /* RecovrrStats.docc in Sources */ = {isa = PBXBuildFile; fileRef = D49B95E32E8ED73A008F1A65 /* RecovrrStats.docc */; };
		D4ADD8262CF5F13E0030B789 /* Assets.xcassets in Resources */ = {isa = PBXBuildFile; fileRef = D4ADD81A2CF5F13E0030B789 /* Assets.xcassets */; };
		D4ADD8292CF5F13E0030B789 /* RCVST_App.swift in Sources */ = {isa = PBXBuildFile; fileRef = D4ADD81D2CF5F13E0030B789 /* RCVST_App.swift */; };
		D4ADD82E2CF5F13E0030B789 /* RCVST_DataProvider.swift in Sources */ = {isa = PBXBuildFile; fileRef = D4ADD8222CF5F13E0030B789 /* RCVST_DataProvider.swift */; };
		D4ADD82F2CF5F13E0030B789 /* RCVST_InitialContentView.swift in Sources */ = {isa = PBXBuildFile; fileRef = D4ADD8232CF5F13E0030B789 /* RCVST_InitialContentView.swift */; };
		D4ADD8302CF5F13E0030B789 /* Localizable.strings in Sources */ = {isa = PBXBuildFile; fileRef = D4ADD81C2CF5F13E0030B789 /* Localizable.strings */; };
		D4ADD8362CF610280030B789 /* LaunchScreen.storyboard in Resources */ = {isa = PBXBuildFile; fileRef = D4ADD8352CF610280030B789 /* LaunchScreen.storyboard */; };
		D4D199552D2836B5004110BC /* RCVST_UserTypesDataProvider.swift in Sources */ = {isa = PBXBuildFile; fileRef = D4D199542D2836B5004110BC /* RCVST_UserTypesDataProvider.swift */; };
		D4EBAC792D26B7900076E72E /* RCVST_DataModel.swift in Sources */ = {isa = PBXBuildFile; fileRef = D4EBAC782D26B7900076E72E /* RCVST_DataModel.swift */; };
		D4FDE7F92D2590E2007C74A4 /* RCVST_UserDateBarChartDisplay.swift in Sources */ = {isa = PBXBuildFile; fileRef = D4FDE7F82D2590E2007C74A4 /* RCVST_UserDateBarChartDisplay.swift */; };
/* End PBXBuildFile section */

/* Begin PBXFileReference section */
		D40D8F8F2CFBCCAA000F1FB4 /* RCVST_ZoomControl.swift */ = {isa = PBXFileReference; lastKnownFileType = sourcecode.swift; path = RCVST_ZoomControl.swift; sourceTree = "<group>"; };
		D411590F2DF71A03007D87E3 /* RCVST_SummaryView.swift */ = {isa = PBXFileReference; lastKnownFileType = sourcecode.swift; path = RCVST_SummaryView.swift; sourceTree = "<group>"; };
		D4183B7F2D287F0600862A80 /* RCVST_DeletionsDataProvider.swift */ = {isa = PBXFileReference; lastKnownFileType = sourcecode.swift; path = RCVST_DeletionsDataProvider.swift; sourceTree = "<group>"; };
		D4484A452CBEA80B0019BC0E /* Warnings.xcconfig */ = {isa = PBXFileReference; lastKnownFileType = text.xcconfig; path = Warnings.xcconfig; sourceTree = "<group>"; };
		D47403872D28D09700F08C0A /* RCVST_UserActivityDataProvider.swift */ = {isa = PBXFileReference; lastKnownFileType = sourcecode.swift; path = RCVST_UserActivityDataProvider.swift; sourceTree = "<group>"; };
		D47856272D286664006517C3 /* RCVST_SignupsDataProvider.swift */ = {isa = PBXFileReference; lastKnownFileType = sourcecode.swift; path = RCVST_SignupsDataProvider.swift; sourceTree = "<group>"; };
		D49B95E32E8ED73A008F1A65 /* RecovrrStats.docc */ = {isa = PBXFileReference; lastKnownFileType = folder.documentationcatalog; path = RecovrrStats.docc; sourceTree = "<group>"; };
		D4ADD81A2CF5F13E0030B789 /* Assets.xcassets */ = {isa = PBXFileReference; lastKnownFileType = folder.assetcatalog; path = Assets.xcassets; sourceTree = "<group>"; };
		D4ADD81B2CF5F13E0030B789 /* Info.plist */ = {isa = PBXFileReference; lastKnownFileType = text.plist.xml; path = Info.plist; sourceTree = "<group>"; };
		D4ADD81C2CF5F13E0030B789 /* Localizable.strings */ = {isa = PBXFileReference; lastKnownFileType = text.plist.strings; path = Localizable.strings; sourceTree = "<group>"; };
		D4ADD81D2CF5F13E0030B789 /* RCVST_App.swift */ = {isa = PBXFileReference; lastKnownFileType = sourcecode.swift; path = RCVST_App.swift; sourceTree = "<group>"; };
		D4ADD8222CF5F13E0030B789 /* RCVST_DataProvider.swift */ = {isa = PBXFileReference; lastKnownFileType = sourcecode.swift; path = RCVST_DataProvider.swift; sourceTree = "<group>"; };
		D4ADD8232CF5F13E0030B789 /* RCVST_InitialContentView.swift */ = {isa = PBXFileReference; lastKnownFileType = sourcecode.swift; path = RCVST_InitialContentView.swift; sourceTree = "<group>"; };
		D4ADD8352CF610280030B789 /* LaunchScreen.storyboard */ = {isa = PBXFileReference; lastKnownFileType = file.storyboard; path = LaunchScreen.storyboard; sourceTree = "<group>"; };
		D4D199542D2836B5004110BC /* RCVST_UserTypesDataProvider.swift */ = {isa = PBXFileReference; lastKnownFileType = sourcecode.swift; path = RCVST_UserTypesDataProvider.swift; sourceTree = "<group>"; };
		D4EBAC782D26B7900076E72E /* RCVST_DataModel.swift */ = {isa = PBXFileReference; lastKnownFileType = sourcecode.swift; path = RCVST_DataModel.swift; sourceTree = "<group>"; };
		D4F14D862CBEA585000C482E /* Recovrr Stats.app */ = {isa = PBXFileReference; explicitFileType = wrapper.application; includeInIndex = 0; path = "Recovrr Stats.app"; sourceTree = BUILT_PRODUCTS_DIR; };
		D4FDE7F82D2590E2007C74A4 /* RCVST_UserDateBarChartDisplay.swift */ = {isa = PBXFileReference; lastKnownFileType = sourcecode.swift; path = RCVST_UserDateBarChartDisplay.swift; sourceTree = "<group>"; };
/* End PBXFileReference section */

/* Begin PBXFrameworksBuildPhase section */
		D4F14D832CBEA585000C482E /* Frameworks */ = {
			isa = PBXFrameworksBuildPhase;
			buildActionMask = 2147483647;
			files = (
				D433ED262CC704FB00E7AA4A /* RVS_Generic_Swift_Toolbox in Frameworks */,
			);
			runOnlyForDeploymentPostprocessing = 0;
		};
/* End PBXFrameworksBuildPhase section */

/* Begin PBXGroup section */
		D4484A462CBEA80B0019BC0E /* Meta */ = {
			isa = PBXGroup;
			children = (
				D4484A452CBEA80B0019BC0E /* Warnings.xcconfig */,
			);
			path = Meta;
			sourceTree = "<group>";
		};
		D4ADD8242CF5F13E0030B789 /* RecovrrStats */ = {
			isa = PBXGroup;
			children = (
				D4ADD81B2CF5F13E0030B789 /* Info.plist */,
				D4E3603B2CF75A4500232A1A /* Main App Container */,
				D4E360372CF7598B00232A1A /* Chart Views */,
				D4E3603A2CF75A3400232A1A /* Data Model */,
				D4E360392CF75A1E00232A1A /* Resources */,
				D49B95E32E8ED73A008F1A65 /* RecovrrStats.docc */,
			);
			path = RecovrrStats;
			sourceTree = "<group>";
		};
		D4E360372CF7598B00232A1A /* Chart Views */ = {
			isa = PBXGroup;
			children = (
				D4FDE7F82D2590E2007C74A4 /* RCVST_UserDateBarChartDisplay.swift */,
			);
			path = "Chart Views";
			sourceTree = "<group>";
		};
		D4E360382CF759A200232A1A /* Sources */ = {
			isa = PBXGroup;
			children = (
				D4ADD8242CF5F13E0030B789 /* RecovrrStats */,
			);
			path = Sources;
			sourceTree = "<group>";
		};
		D4E360392CF75A1E00232A1A /* Resources */ = {
			isa = PBXGroup;
			children = (
				D4ADD81A2CF5F13E0030B789 /* Assets.xcassets */,
				D4ADD81C2CF5F13E0030B789 /* Localizable.strings */,
				D4ADD8352CF610280030B789 /* LaunchScreen.storyboard */,
			);
			path = Resources;
			sourceTree = "<group>";
		};
		D4E3603A2CF75A3400232A1A /* Data Model */ = {
			isa = PBXGroup;
			children = (
				D4EBAC782D26B7900076E72E /* RCVST_DataModel.swift */,
				D4ADD8222CF5F13E0030B789 /* RCVST_DataProvider.swift */,
				D4D199542D2836B5004110BC /* RCVST_UserTypesDataProvider.swift */,
				D47856272D286664006517C3 /* RCVST_SignupsDataProvider.swift */,
				D4183B7F2D287F0600862A80 /* RCVST_DeletionsDataProvider.swift */,
				D47403872D28D09700F08C0A /* RCVST_UserActivityDataProvider.swift */,
			);
			path = "Data Model";
			sourceTree = "<group>";
		};
		D4E3603B2CF75A4500232A1A /* Main App Container */ = {
			isa = PBXGroup;
			children = (
				D4ADD81D2CF5F13E0030B789 /* RCVST_App.swift */,
				D4ADD8232CF5F13E0030B789 /* RCVST_InitialContentView.swift */,
				D411590F2DF71A03007D87E3 /* RCVST_SummaryView.swift */,
				D40D8F8F2CFBCCAA000F1FB4 /* RCVST_ZoomControl.swift */,
			);
			path = "Main App Container";
			sourceTree = "<group>";
		};
		D4F14D7D2CBEA585000C482E = {
			isa = PBXGroup;
			children = (
				D4484A462CBEA80B0019BC0E /* Meta */,
				D4E360382CF759A200232A1A /* Sources */,
				D4F14D872CBEA585000C482E /* Products */,
			);
			sourceTree = "<group>";
		};
		D4F14D872CBEA585000C482E /* Products */ = {
			isa = PBXGroup;
			children = (
				D4F14D862CBEA585000C482E /* Recovrr Stats.app */,
			);
			name = Products;
			sourceTree = "<group>";
		};
/* End PBXGroup section */

/* Begin PBXNativeTarget section */
		D4F14D852CBEA585000C482E /* Recovrr Stats */ = {
			isa = PBXNativeTarget;
			buildConfigurationList = D4F14DAA2CBEA586000C482E /* Build configuration list for PBXNativeTarget "Recovrr Stats" */;
			buildPhases = (
				D4A62DD42CC935F2001DD8A9 /* SwiftLint */,
				D4F14D822CBEA585000C482E /* Sources */,
				D4F14D832CBEA585000C482E /* Frameworks */,
				D4F14D842CBEA585000C482E /* Resources */,
			);
			buildRules = (
			);
			dependencies = (
			);
			name = "Recovrr Stats";
			packageProductDependencies = (
				D433ED252CC704FB00E7AA4A /* RVS_Generic_Swift_Toolbox */,
			);
			productName = RecovrrStats;
			productReference = D4F14D862CBEA585000C482E /* Recovrr Stats.app */;
			productType = "com.apple.product-type.application";
		};
/* End PBXNativeTarget section */

/* Begin PBXProject section */
		D4F14D7E2CBEA585000C482E /* Project object */ = {
			isa = PBXProject;
			attributes = {
				BuildIndependentTargetsInParallel = 1;
				LastSwiftUpdateCheck = 1600;
				LastUpgradeCheck = 2600;
				TargetAttributes = {
					D4F14D852CBEA585000C482E = {
						CreatedOnToolsVersion = 16.0;
					};
				};
			};
			buildConfigurationList = D4F14D812CBEA585000C482E /* Build configuration list for PBXProject "RecovrrStats" */;
			developmentRegion = en;
			hasScannedForEncodings = 0;
			knownRegions = (
				en,
				Base,
			);
			mainGroup = D4F14D7D2CBEA585000C482E;
			minimizedProjectReferenceProxies = 1;
			packageReferences = (
				D433ED232CC7049C00E7AA4A /* XCRemoteSwiftPackageReference "RVS_Generic_Swift_Toolbox" */,
			);
			preferredProjectObjectVersion = 77;
			productRefGroup = D4F14D872CBEA585000C482E /* Products */;
			projectDirPath = "";
			projectRoot = "";
			targets = (
				D4F14D852CBEA585000C482E /* Recovrr Stats */,
			);
		};
/* End PBXProject section */

/* Begin PBXResourcesBuildPhase section */
		D4F14D842CBEA585000C482E /* Resources */ = {
			isa = PBXResourcesBuildPhase;
			buildActionMask = 2147483647;
			files = (
				D4ADD8362CF610280030B789 /* LaunchScreen.storyboard in Resources */,
				D4ADD8262CF5F13E0030B789 /* Assets.xcassets in Resources */,
			);
			runOnlyForDeploymentPostprocessing = 0;
		};
/* End PBXResourcesBuildPhase section */

/* Begin PBXShellScriptBuildPhase section */
		D4A62DD42CC935F2001DD8A9 /* SwiftLint */ = {
			isa = PBXShellScriptBuildPhase;
			alwaysOutOfDate = 1;
			buildActionMask = 2147483647;
			files = (
			);
			inputFileListPaths = (
			);
			inputPaths = (
			);
			name = SwiftLint;
			outputFileListPaths = (
			);
			outputPaths = (
			);
			runOnlyForDeploymentPostprocessing = 0;
			shellPath = /bin/sh;
			shellScript = "if command -v swiftlint 2>&1 >/dev/null\nthen\n    cd ${PROJECT_DIR}\n    swiftlint\nfi\n";
		};
/* End PBXShellScriptBuildPhase section */

/* Begin PBXSourcesBuildPhase section */
		D4F14D822CBEA585000C482E /* Sources */ = {
			isa = PBXSourcesBuildPhase;
			buildActionMask = 2147483647;
			files = (
				D4D199552D2836B5004110BC /* RCVST_UserTypesDataProvider.swift in Sources */,
				D47856282D286664006517C3 /* RCVST_SignupsDataProvider.swift in Sources */,
				D4EBAC792D26B7900076E72E /* RCVST_DataModel.swift in Sources */,
				D47403882D28D09700F08C0A /* RCVST_UserActivityDataProvider.swift in Sources */,
				D4ADD8292CF5F13E0030B789 /* RCVST_App.swift in Sources */,
				D49B95E42E8ED73A008F1A65 /* RecovrrStats.docc in Sources */,
				D4ADD8302CF5F13E0030B789 /* Localizable.strings in Sources */,
				D4FDE7F92D2590E2007C74A4 /* RCVST_UserDateBarChartDisplay.swift in Sources */,
				D4ADD82E2CF5F13E0030B789 /* RCVST_DataProvider.swift in Sources */,
				D41159102DF71A03007D87E3 /* RCVST_SummaryView.swift in Sources */,
				D4ADD82F2CF5F13E0030B789 /* RCVST_InitialContentView.swift in Sources */,
				D4183B802D287F0600862A80 /* RCVST_DeletionsDataProvider.swift in Sources */,
				D495CF872D2A1CC90041ECB9 /* RCVST_ZoomControl.swift in Sources */,
			);
			runOnlyForDeploymentPostprocessing = 0;
		};
/* End PBXSourcesBuildPhase section */

/* Begin XCBuildConfiguration section */
		D4F14DA82CBEA586000C482E /* Debug */ = {
			isa = XCBuildConfiguration;
			baseConfigurationReference = D4484A452CBEA80B0019BC0E /* Warnings.xcconfig */;
			buildSettings = {
				ALWAYS_SEARCH_USER_PATHS = NO;
				ASSETCATALOG_COMPILER_GENERATE_SWIFT_ASSET_SYMBOL_EXTENSIONS = YES;
				CLANG_ANALYZER_NONNULL = YES;
				CLANG_ANALYZER_NUMBER_OBJECT_CONVERSION = YES_AGGRESSIVE;
				CLANG_CXX_LANGUAGE_STANDARD = "gnu++20";
				CLANG_ENABLE_MODULES = YES;
				CLANG_ENABLE_OBJC_ARC = YES;
				CLANG_ENABLE_OBJC_WEAK = YES;
				CLANG_WARN_BLOCK_CAPTURE_AUTORELEASING = YES;
				CLANG_WARN_BOOL_CONVERSION = YES;
				CLANG_WARN_COMMA = YES;
				CLANG_WARN_CONSTANT_CONVERSION = YES;
				CLANG_WARN_DEPRECATED_OBJC_IMPLEMENTATIONS = YES;
				CLANG_WARN_DIRECT_OBJC_ISA_USAGE = YES_ERROR;
				CLANG_WARN_DOCUMENTATION_COMMENTS = YES;
				CLANG_WARN_EMPTY_BODY = YES;
				CLANG_WARN_ENUM_CONVERSION = YES;
				CLANG_WARN_INFINITE_RECURSION = YES;
				CLANG_WARN_INT_CONVERSION = YES;
				CLANG_WARN_NON_LITERAL_NULL_CONVERSION = YES;
				CLANG_WARN_OBJC_IMPLICIT_RETAIN_SELF = YES;
				CLANG_WARN_OBJC_LITERAL_CONVERSION = YES;
				CLANG_WARN_OBJC_ROOT_CLASS = YES_ERROR;
				CLANG_WARN_QUOTED_INCLUDE_IN_FRAMEWORK_HEADER = YES;
				CLANG_WARN_RANGE_LOOP_ANALYSIS = YES;
				CLANG_WARN_STRICT_PROTOTYPES = YES;
				CLANG_WARN_SUSPICIOUS_MOVE = YES;
				CLANG_WARN_UNGUARDED_AVAILABILITY = YES_AGGRESSIVE;
				CLANG_WARN_UNREACHABLE_CODE = YES;
				CLANG_WARN__DUPLICATE_METHOD_MATCH = YES;
				COPY_PHASE_STRIP = NO;
				DEBUG_INFORMATION_FORMAT = dwarf;
				DEVELOPMENT_TEAM = P53V4JS928;
				ENABLE_STRICT_OBJC_MSGSEND = YES;
				ENABLE_TESTABILITY = YES;
				ENABLE_USER_SCRIPT_SANDBOXING = YES;
				GCC_C_LANGUAGE_STANDARD = gnu17;
				GCC_DYNAMIC_NO_PIC = NO;
				GCC_NO_COMMON_BLOCKS = YES;
				GCC_OPTIMIZATION_LEVEL = 0;
				GCC_PREPROCESSOR_DEFINITIONS = (
					"DEBUG=1",
					"$(inherited)",
				);
				GCC_WARN_64_TO_32_BIT_CONVERSION = YES;
				GCC_WARN_ABOUT_RETURN_TYPE = YES_ERROR;
				GCC_WARN_UNDECLARED_SELECTOR = YES;
				GCC_WARN_UNINITIALIZED_AUTOS = YES_AGGRESSIVE;
				GCC_WARN_UNUSED_FUNCTION = YES;
				GCC_WARN_UNUSED_VARIABLE = YES;
				IPHONEOS_DEPLOYMENT_TARGET = 18.0;
				LOCALIZATION_PREFERS_STRING_CATALOGS = YES;
				MTL_ENABLE_DEBUG_INFO = INCLUDE_SOURCE;
				MTL_FAST_MATH = YES;
				ONLY_ACTIVE_ARCH = YES;
				SDKROOT = iphoneos;
				STRING_CATALOG_GENERATE_SYMBOLS = YES;
				SWIFT_ACTIVE_COMPILATION_CONDITIONS = "DEBUG $(inherited)";
				SWIFT_OPTIMIZATION_LEVEL = "-Onone";
			};
			name = Debug;
		};
		D4F14DA92CBEA586000C482E /* Release */ = {
			isa = XCBuildConfiguration;
			baseConfigurationReference = D4484A452CBEA80B0019BC0E /* Warnings.xcconfig */;
			buildSettings = {
				ALWAYS_SEARCH_USER_PATHS = NO;
				ASSETCATALOG_COMPILER_GENERATE_SWIFT_ASSET_SYMBOL_EXTENSIONS = YES;
				CLANG_ANALYZER_NONNULL = YES;
				CLANG_ANALYZER_NUMBER_OBJECT_CONVERSION = YES_AGGRESSIVE;
				CLANG_CXX_LANGUAGE_STANDARD = "gnu++20";
				CLANG_ENABLE_MODULES = YES;
				CLANG_ENABLE_OBJC_ARC = YES;
				CLANG_ENABLE_OBJC_WEAK = YES;
				CLANG_WARN_BLOCK_CAPTURE_AUTORELEASING = YES;
				CLANG_WARN_BOOL_CONVERSION = YES;
				CLANG_WARN_COMMA = YES;
				CLANG_WARN_CONSTANT_CONVERSION = YES;
				CLANG_WARN_DEPRECATED_OBJC_IMPLEMENTATIONS = YES;
				CLANG_WARN_DIRECT_OBJC_ISA_USAGE = YES_ERROR;
				CLANG_WARN_DOCUMENTATION_COMMENTS = YES;
				CLANG_WARN_EMPTY_BODY = YES;
				CLANG_WARN_ENUM_CONVERSION = YES;
				CLANG_WARN_INFINITE_RECURSION = YES;
				CLANG_WARN_INT_CONVERSION = YES;
				CLANG_WARN_NON_LITERAL_NULL_CONVERSION = YES;
				CLANG_WARN_OBJC_IMPLICIT_RETAIN_SELF = YES;
				CLANG_WARN_OBJC_LITERAL_CONVERSION = YES;
				CLANG_WARN_OBJC_ROOT_CLASS = YES_ERROR;
				CLANG_WARN_QUOTED_INCLUDE_IN_FRAMEWORK_HEADER = YES;
				CLANG_WARN_RANGE_LOOP_ANALYSIS = YES;
				CLANG_WARN_STRICT_PROTOTYPES = YES;
				CLANG_WARN_SUSPICIOUS_MOVE = YES;
				CLANG_WARN_UNGUARDED_AVAILABILITY = YES_AGGRESSIVE;
				CLANG_WARN_UNREACHABLE_CODE = YES;
				CLANG_WARN__DUPLICATE_METHOD_MATCH = YES;
				COPY_PHASE_STRIP = NO;
				DEBUG_INFORMATION_FORMAT = "dwarf-with-dsym";
				DEVELOPMENT_TEAM = P53V4JS928;
				ENABLE_NS_ASSERTIONS = NO;
				ENABLE_STRICT_OBJC_MSGSEND = YES;
				ENABLE_USER_SCRIPT_SANDBOXING = YES;
				GCC_C_LANGUAGE_STANDARD = gnu17;
				GCC_NO_COMMON_BLOCKS = YES;
				GCC_WARN_64_TO_32_BIT_CONVERSION = YES;
				GCC_WARN_ABOUT_RETURN_TYPE = YES_ERROR;
				GCC_WARN_UNDECLARED_SELECTOR = YES;
				GCC_WARN_UNINITIALIZED_AUTOS = YES_AGGRESSIVE;
				GCC_WARN_UNUSED_FUNCTION = YES;
				GCC_WARN_UNUSED_VARIABLE = YES;
				IPHONEOS_DEPLOYMENT_TARGET = 18.0;
				LOCALIZATION_PREFERS_STRING_CATALOGS = YES;
				MTL_ENABLE_DEBUG_INFO = NO;
				MTL_FAST_MATH = YES;
				SDKROOT = iphoneos;
				STRING_CATALOG_GENERATE_SYMBOLS = YES;
				SWIFT_COMPILATION_MODE = wholemodule;
				VALIDATE_PRODUCT = YES;
			};
			name = Release;
		};
		D4F14DAB2CBEA586000C482E /* Debug */ = {
			isa = XCBuildConfiguration;
			buildSettings = {
				ASSETCATALOG_COMPILER_APPICON_NAME = AppIcon;
				ASSETCATALOG_COMPILER_GLOBAL_ACCENT_COLOR_NAME = AccentColor;
				CODE_SIGN_STYLE = Automatic;
				CURRENT_PROJECT_VERSION = 0000;
				DEVELOPMENT_ASSET_PATHS = "";
				ENABLE_PREVIEWS = YES;
				ENABLE_USER_SCRIPT_SANDBOXING = NO;
				GENERATE_INFOPLIST_FILE = YES;
				INFOPLIST_FILE = Sources/RecovrrStats/Info.plist;
				INFOPLIST_KEY_LSApplicationCategoryType = "public.app-category.utilities";
				INFOPLIST_KEY_UIApplicationSceneManifest_Generation = YES;
				INFOPLIST_KEY_UIApplicationSupportsIndirectInputEvents = YES;
				INFOPLIST_KEY_UILaunchScreen_Generation = YES;
				INFOPLIST_KEY_UILaunchStoryboardName = LaunchScreen;
				INFOPLIST_KEY_UISupportedInterfaceOrientations_iPad = "UIInterfaceOrientationPortrait UIInterfaceOrientationPortraitUpsideDown UIInterfaceOrientationLandscapeLeft UIInterfaceOrientationLandscapeRight";
				INFOPLIST_KEY_UISupportedInterfaceOrientations_iPhone = "UIInterfaceOrientationPortrait UIInterfaceOrientationLandscapeLeft UIInterfaceOrientationLandscapeRight";
				IPHONEOS_DEPLOYMENT_TARGET = 17.0;
				LD_RUNPATH_SEARCH_PATHS = (
					"$(inherited)",
					"@executable_path/Frameworks",
				);
				MACOSX_DEPLOYMENT_TARGET = 13.0;
				MARKETING_VERSION = 1.0.0;
				PRODUCT_BUNDLE_IDENTIFIER = org.littlegreenviper.RecovrrStats;
				PRODUCT_NAME = "$(TARGET_NAME)";
				REGISTER_APP_GROUPS = NO;
				SUPPORTED_PLATFORMS = "iphoneos iphonesimulator macosx";
				SUPPORTS_MACCATALYST = NO;
				SUPPORTS_MAC_DESIGNED_FOR_IPHONE_IPAD = YES;
				SUPPORTS_XR_DESIGNED_FOR_IPHONE_IPAD = NO;
				SWIFT_EMIT_LOC_STRINGS = YES;
				SWIFT_VERSION = 5.0;
				TARGETED_DEVICE_FAMILY = "1,2";
			};
			name = Debug;
		};
		D4F14DAC2CBEA586000C482E /* Release */ = {
			isa = XCBuildConfiguration;
			buildSettings = {
				ASSETCATALOG_COMPILER_APPICON_NAME = AppIcon;
				ASSETCATALOG_COMPILER_GLOBAL_ACCENT_COLOR_NAME = AccentColor;
				CODE_SIGN_STYLE = Automatic;
				CURRENT_PROJECT_VERSION = 0000;
				DEVELOPMENT_ASSET_PATHS = "";
				ENABLE_PREVIEWS = YES;
				ENABLE_USER_SCRIPT_SANDBOXING = NO;
				GENERATE_INFOPLIST_FILE = YES;
				INFOPLIST_FILE = Sources/RecovrrStats/Info.plist;
				INFOPLIST_KEY_LSApplicationCategoryType = "public.app-category.utilities";
				INFOPLIST_KEY_UIApplicationSceneManifest_Generation = YES;
				INFOPLIST_KEY_UIApplicationSupportsIndirectInputEvents = YES;
				INFOPLIST_KEY_UILaunchScreen_Generation = YES;
				INFOPLIST_KEY_UILaunchStoryboardName = LaunchScreen;
				INFOPLIST_KEY_UISupportedInterfaceOrientations_iPad = "UIInterfaceOrientationPortrait UIInterfaceOrientationPortraitUpsideDown UIInterfaceOrientationLandscapeLeft UIInterfaceOrientationLandscapeRight";
				INFOPLIST_KEY_UISupportedInterfaceOrientations_iPhone = "UIInterfaceOrientationPortrait UIInterfaceOrientationLandscapeLeft UIInterfaceOrientationLandscapeRight";
				IPHONEOS_DEPLOYMENT_TARGET = 17.0;
				LD_RUNPATH_SEARCH_PATHS = (
					"$(inherited)",
					"@executable_path/Frameworks",
				);
				MACOSX_DEPLOYMENT_TARGET = 13.0;
				MARKETING_VERSION = 1.0.0;
				PRODUCT_BUNDLE_IDENTIFIER = org.littlegreenviper.RecovrrStats;
				PRODUCT_NAME = "$(TARGET_NAME)";
				REGISTER_APP_GROUPS = NO;
				SUPPORTED_PLATFORMS = "iphoneos iphonesimulator macosx";
				SUPPORTS_MACCATALYST = NO;
				SUPPORTS_MAC_DESIGNED_FOR_IPHONE_IPAD = YES;
				SUPPORTS_XR_DESIGNED_FOR_IPHONE_IPAD = NO;
				SWIFT_EMIT_LOC_STRINGS = YES;
				SWIFT_VERSION = 5.0;
				TARGETED_DEVICE_FAMILY = "1,2";
			};
			name = Release;
		};
/* End XCBuildConfiguration section */

/* Begin XCConfigurationList section */
		D4F14D812CBEA585000C482E /* Build configuration list for PBXProject "RecovrrStats" */ = {
			isa = XCConfigurationList;
			buildConfigurations = (
				D4F14DA82CBEA586000C482E /* Debug */,
				D4F14DA92CBEA586000C482E /* Release */,
			);
			defaultConfigurationIsVisible = 0;
			defaultConfigurationName = Release;
		};
		D4F14DAA2CBEA586000C482E /* Build configuration list for PBXNativeTarget "Recovrr Stats" */ = {
			isa = XCConfigurationList;
			buildConfigurations = (
				D4F14DAB2CBEA586000C482E /* Debug */,
				D4F14DAC2CBEA586000C482E /* Release */,
			);
			defaultConfigurationIsVisible = 0;
			defaultConfigurationName = Release;
		};
/* End XCConfigurationList section */

/* Begin XCRemoteSwiftPackageReference section */
		D433ED232CC7049C00E7AA4A /* XCRemoteSwiftPackageReference "RVS_Generic_Swift_Toolbox" */ = {
			isa = XCRemoteSwiftPackageReference;
			repositoryURL = "https://github.com/RiftValleySoftware/RVS_Generic_Swift_Toolbox";
			requirement = {
				kind = upToNextMajorVersion;
				minimumVersion = 1.15.7;
			};
		};
/* End XCRemoteSwiftPackageReference section */

/* Begin XCSwiftPackageProductDependency section */
		D433ED252CC704FB00E7AA4A /* RVS_Generic_Swift_Toolbox */ = {
			isa = XCSwiftPackageProductDependency;
			package = D433ED232CC7049C00E7AA4A /* XCRemoteSwiftPackageReference "RVS_Generic_Swift_Toolbox" */;
			productName = RVS_Generic_Swift_Toolbox;
		};
/* End XCSwiftPackageProductDependency section */
	};
	rootObject = D4F14D7E2CBEA585000C482E /* Project object */;
}
